
Microsoft Visual Studio Solution File, Format Version 12.00
# Visual Studio Version 17
VisualStudioVersion = 17.5.33424.131
MinimumVisualStudioVersion = 10.0.40219.1
Project("{FAE04EC0-301F-11D3-BF4B-00C04F79EFBC}") = "EntityFr_dz2_Library(multi-table)", "EntityFr_dz2_Library(multi-table)\EntityFr_dz2_Library(multi-table).csproj", "{DD153095-11DD-4D90-8692-F770036F8A7B}"
EndProject
Global
	GlobalSection(SolutionConfigurationPlatforms) = preSolution
		Debug|Any CPU = Debug|Any CPU
		Release|Any CPU = Release|Any CPU
	EndGlobalSection
	GlobalSection(ProjectConfigurationPlatforms) = postSolution
		{DD153095-11DD-4D90-8692-F770036F8A7B}.Debug|Any CPU.ActiveCfg = Debug|Any CPU
		{DD153095-11DD-4D90-8692-F770036F8A7B}.Debug|Any CPU.Build.0 = Debug|Any CPU
		{DD153095-11DD-4D90-8692-F770036F8A7B}.Release|Any CPU.ActiveCfg = Release|Any CPU
		{DD153095-11DD-4D90-8692-F770036F8A7B}.Release|Any CPU.Build.0 = Release|Any CPU
	EndGlobalSection
	GlobalSection(SolutionProperties) = preSolution
		HideSolutionNode = FALSE
	EndGlobalSection
	GlobalSection(ExtensibilityGlobals) = postSolution
		SolutionGuid = {72828756-8C3C-47F9-808A-D905A6BDC005}
	EndGlobalSection
EndGlobal
